
Microsoft Visual Studio Solution File, Format Version 12.00
# Visual Studio 2012
Project("{FAE04EC0-301F-11D3-BF4B-00C04F79EFBC}") = "sobe", "sobe\sobe.csproj", "{F16A27BE-685D-4D35-8729-84BFE02FC478}"
EndProject
Global
	GlobalSection(SolutionConfigurationPlatforms) = preSolution
		Debug|Any CPU = Debug|Any CPU
		Release|Any CPU = Release|Any CPU
	EndGlobalSection
	GlobalSection(ProjectConfigurationPlatforms) = postSolution
		{F16A27BE-685D-4D35-8729-84BFE02FC478}.Debug|Any CPU.ActiveCfg = Debug|Any CPU
		{F16A27BE-685D-4D35-8729-84BFE02FC478}.Debug|Any CPU.Build.0 = Debug|Any CPU
		{F16A27BE-685D-4D35-8729-84BFE02FC478}.Release|Any CPU.ActiveCfg = Release|Any CPU
		{F16A27BE-685D-4D35-8729-84BFE02FC478}.Release|Any CPU.Build.0 = Release|Any CPU
	EndGlobalSection
	GlobalSection(SolutionProperties) = preSolution
		HideSolutionNode = FALSE
	EndGlobalSection
EndGlobal
